
Microsoft Visual Studio Solution File, Format Version 12.00
# Visual Studio Version 17
VisualStudioVersion = 17.3.32922.545
MinimumVisualStudioVersion = 10.0.40219.1
Project("{FAE04EC0-301F-11D3-BF4B-00C04F79EFBC}") = "問題20", "問題20\問題20.csproj", "{793DD0CF-2981-4355-8E22-DD2C4289F740}"
EndProject
Global
	GlobalSection(SolutionConfigurationPlatforms) = preSolution
		Debug|Any CPU = Debug|Any CPU
		Release|Any CPU = Release|Any CPU
	EndGlobalSection
	GlobalSection(ProjectConfigurationPlatforms) = postSolution
		{793DD0CF-2981-4355-8E22-DD2C4289F740}.Debug|Any CPU.ActiveCfg = Debug|Any CPU
		{793DD0CF-2981-4355-8E22-DD2C4289F740}.Debug|Any CPU.Build.0 = Debug|Any CPU
		{793DD0CF-2981-4355-8E22-DD2C4289F740}.Release|Any CPU.ActiveCfg = Release|Any CPU
		{793DD0CF-2981-4355-8E22-DD2C4289F740}.Release|Any CPU.Build.0 = Release|Any CPU
	EndGlobalSection
	GlobalSection(SolutionProperties) = preSolution
		HideSolutionNode = FALSE
	EndGlobalSection
	GlobalSection(ExtensibilityGlobals) = postSolution
		SolutionGuid = {735067CF-9578-434B-AD5D-7D24D2FDEF2D}
	EndGlobalSection
EndGlobal
