
Microsoft Visual Studio Solution File, Format Version 12.00
# Visual Studio Version 17
VisualStudioVersion = 17.3.32922.545
MinimumVisualStudioVersion = 10.0.40219.1
Project("{FAE04EC0-301F-11D3-BF4B-00C04F79EFBC}") = "問題62", "問題62\問題62.csproj", "{60C418AA-2733-49C0-B3DB-D39F56C8CBCB}"
EndProject
Global
	GlobalSection(SolutionConfigurationPlatforms) = preSolution
		Debug|Any CPU = Debug|Any CPU
		Release|Any CPU = Release|Any CPU
	EndGlobalSection
	GlobalSection(ProjectConfigurationPlatforms) = postSolution
		{60C418AA-2733-49C0-B3DB-D39F56C8CBCB}.Debug|Any CPU.ActiveCfg = Debug|Any CPU
		{60C418AA-2733-49C0-B3DB-D39F56C8CBCB}.Debug|Any CPU.Build.0 = Debug|Any CPU
		{60C418AA-2733-49C0-B3DB-D39F56C8CBCB}.Release|Any CPU.ActiveCfg = Release|Any CPU
		{60C418AA-2733-49C0-B3DB-D39F56C8CBCB}.Release|Any CPU.Build.0 = Release|Any CPU
	EndGlobalSection
	GlobalSection(SolutionProperties) = preSolution
		HideSolutionNode = FALSE
	EndGlobalSection
	GlobalSection(ExtensibilityGlobals) = postSolution
		SolutionGuid = {0A8CA799-FFF2-42DC-A1E5-FB0FBF913B2A}
	EndGlobalSection
EndGlobal
