
Microsoft Visual Studio Solution File, Format Version 12.00
# Visual Studio Version 17
VisualStudioVersion = 17.3.32922.545
MinimumVisualStudioVersion = 10.0.40219.1
Project("{FAE04EC0-301F-11D3-BF4B-00C04F79EFBC}") = "問題42", "問題42\問題42.csproj", "{63D0341A-A68A-4536-B2F8-6ADEE00AA531}"
EndProject
Global
	GlobalSection(SolutionConfigurationPlatforms) = preSolution
		Debug|Any CPU = Debug|Any CPU
		Release|Any CPU = Release|Any CPU
	EndGlobalSection
	GlobalSection(ProjectConfigurationPlatforms) = postSolution
		{63D0341A-A68A-4536-B2F8-6ADEE00AA531}.Debug|Any CPU.ActiveCfg = Debug|Any CPU
		{63D0341A-A68A-4536-B2F8-6ADEE00AA531}.Debug|Any CPU.Build.0 = Debug|Any CPU
		{63D0341A-A68A-4536-B2F8-6ADEE00AA531}.Release|Any CPU.ActiveCfg = Release|Any CPU
		{63D0341A-A68A-4536-B2F8-6ADEE00AA531}.Release|Any CPU.Build.0 = Release|Any CPU
	EndGlobalSection
	GlobalSection(SolutionProperties) = preSolution
		HideSolutionNode = FALSE
	EndGlobalSection
	GlobalSection(ExtensibilityGlobals) = postSolution
		SolutionGuid = {8FDF1D6A-514B-4347-8C57-9AFB15C16AAD}
	EndGlobalSection
EndGlobal
