
Microsoft Visual Studio Solution File, Format Version 12.00
# Visual Studio Version 17
VisualStudioVersion = 17.3.32922.545
MinimumVisualStudioVersion = 10.0.40219.1
Project("{FAE04EC0-301F-11D3-BF4B-00C04F79EFBC}") = "問題43", "問題43\問題43.csproj", "{09E07797-A280-47BA-B8A8-FC6FD03DD5A9}"
EndProject
Global
	GlobalSection(SolutionConfigurationPlatforms) = preSolution
		Debug|Any CPU = Debug|Any CPU
		Release|Any CPU = Release|Any CPU
	EndGlobalSection
	GlobalSection(ProjectConfigurationPlatforms) = postSolution
		{09E07797-A280-47BA-B8A8-FC6FD03DD5A9}.Debug|Any CPU.ActiveCfg = Debug|Any CPU
		{09E07797-A280-47BA-B8A8-FC6FD03DD5A9}.Debug|Any CPU.Build.0 = Debug|Any CPU
		{09E07797-A280-47BA-B8A8-FC6FD03DD5A9}.Release|Any CPU.ActiveCfg = Release|Any CPU
		{09E07797-A280-47BA-B8A8-FC6FD03DD5A9}.Release|Any CPU.Build.0 = Release|Any CPU
	EndGlobalSection
	GlobalSection(SolutionProperties) = preSolution
		HideSolutionNode = FALSE
	EndGlobalSection
	GlobalSection(ExtensibilityGlobals) = postSolution
		SolutionGuid = {4795719C-D5F8-45C7-A14A-23349EF285BE}
	EndGlobalSection
EndGlobal
