
Microsoft Visual Studio Solution File, Format Version 12.00
# Visual Studio Version 17
VisualStudioVersion = 17.3.32922.545
MinimumVisualStudioVersion = 10.0.40219.1
Project("{FAE04EC0-301F-11D3-BF4B-00C04F79EFBC}") = "課題10_2", "課題10_2\課題10_2.csproj", "{DBCCC730-F01D-4E64-88EC-0CB76461BACE}"
EndProject
Global
	GlobalSection(SolutionConfigurationPlatforms) = preSolution
		Debug|Any CPU = Debug|Any CPU
		Release|Any CPU = Release|Any CPU
	EndGlobalSection
	GlobalSection(ProjectConfigurationPlatforms) = postSolution
		{DBCCC730-F01D-4E64-88EC-0CB76461BACE}.Debug|Any CPU.ActiveCfg = Debug|Any CPU
		{DBCCC730-F01D-4E64-88EC-0CB76461BACE}.Debug|Any CPU.Build.0 = Debug|Any CPU
		{DBCCC730-F01D-4E64-88EC-0CB76461BACE}.Release|Any CPU.ActiveCfg = Release|Any CPU
		{DBCCC730-F01D-4E64-88EC-0CB76461BACE}.Release|Any CPU.Build.0 = Release|Any CPU
	EndGlobalSection
	GlobalSection(SolutionProperties) = preSolution
		HideSolutionNode = FALSE
	EndGlobalSection
	GlobalSection(ExtensibilityGlobals) = postSolution
		SolutionGuid = {739C649F-0CF0-474E-8E83-F95D60D2D9D6}
	EndGlobalSection
EndGlobal
