
Microsoft Visual Studio Solution File, Format Version 12.00
# Visual Studio Version 17
VisualStudioVersion = 17.3.32922.545
MinimumVisualStudioVersion = 10.0.40219.1
Project("{FAE04EC0-301F-11D3-BF4B-00C04F79EFBC}") = "問題45", "問題45\問題45.csproj", "{84853ECE-DDBB-47A7-B955-4CF91EB05923}"
EndProject
Global
	GlobalSection(SolutionConfigurationPlatforms) = preSolution
		Debug|Any CPU = Debug|Any CPU
		Release|Any CPU = Release|Any CPU
	EndGlobalSection
	GlobalSection(ProjectConfigurationPlatforms) = postSolution
		{84853ECE-DDBB-47A7-B955-4CF91EB05923}.Debug|Any CPU.ActiveCfg = Debug|Any CPU
		{84853ECE-DDBB-47A7-B955-4CF91EB05923}.Debug|Any CPU.Build.0 = Debug|Any CPU
		{84853ECE-DDBB-47A7-B955-4CF91EB05923}.Release|Any CPU.ActiveCfg = Release|Any CPU
		{84853ECE-DDBB-47A7-B955-4CF91EB05923}.Release|Any CPU.Build.0 = Release|Any CPU
	EndGlobalSection
	GlobalSection(SolutionProperties) = preSolution
		HideSolutionNode = FALSE
	EndGlobalSection
	GlobalSection(ExtensibilityGlobals) = postSolution
		SolutionGuid = {61E77E22-01AD-429F-A3FE-04D6CFFE558E}
	EndGlobalSection
EndGlobal
