
Microsoft Visual Studio Solution File, Format Version 12.00
# Visual Studio Version 17
VisualStudioVersion = 17.3.32922.545
MinimumVisualStudioVersion = 10.0.40219.1
Project("{FAE04EC0-301F-11D3-BF4B-00C04F79EFBC}") = "問3", "問3\問3.csproj", "{2666EA75-2A02-47B9-A1B5-BB6E29F5ACC9}"
EndProject
Global
	GlobalSection(SolutionConfigurationPlatforms) = preSolution
		Debug|Any CPU = Debug|Any CPU
		Release|Any CPU = Release|Any CPU
	EndGlobalSection
	GlobalSection(ProjectConfigurationPlatforms) = postSolution
		{2666EA75-2A02-47B9-A1B5-BB6E29F5ACC9}.Debug|Any CPU.ActiveCfg = Debug|Any CPU
		{2666EA75-2A02-47B9-A1B5-BB6E29F5ACC9}.Debug|Any CPU.Build.0 = Debug|Any CPU
		{2666EA75-2A02-47B9-A1B5-BB6E29F5ACC9}.Release|Any CPU.ActiveCfg = Release|Any CPU
		{2666EA75-2A02-47B9-A1B5-BB6E29F5ACC9}.Release|Any CPU.Build.0 = Release|Any CPU
	EndGlobalSection
	GlobalSection(SolutionProperties) = preSolution
		HideSolutionNode = FALSE
	EndGlobalSection
	GlobalSection(ExtensibilityGlobals) = postSolution
		SolutionGuid = {A714A4AA-D5B8-45C5-B8CA-D8BC7329D32B}
	EndGlobalSection
EndGlobal
