
Microsoft Visual Studio Solution File, Format Version 12.00
# Visual Studio Version 17
VisualStudioVersion = 17.3.32922.545
MinimumVisualStudioVersion = 10.0.40219.1
Project("{FAE04EC0-301F-11D3-BF4B-00C04F79EFBC}") = "課題5_3", "課題5_3\課題5_3.csproj", "{9CA0B266-7BAC-4A52-B5D5-49EFA14D75EC}"
EndProject
Global
	GlobalSection(SolutionConfigurationPlatforms) = preSolution
		Debug|Any CPU = Debug|Any CPU
		Release|Any CPU = Release|Any CPU
	EndGlobalSection
	GlobalSection(ProjectConfigurationPlatforms) = postSolution
		{9CA0B266-7BAC-4A52-B5D5-49EFA14D75EC}.Debug|Any CPU.ActiveCfg = Debug|Any CPU
		{9CA0B266-7BAC-4A52-B5D5-49EFA14D75EC}.Debug|Any CPU.Build.0 = Debug|Any CPU
		{9CA0B266-7BAC-4A52-B5D5-49EFA14D75EC}.Release|Any CPU.ActiveCfg = Release|Any CPU
		{9CA0B266-7BAC-4A52-B5D5-49EFA14D75EC}.Release|Any CPU.Build.0 = Release|Any CPU
	EndGlobalSection
	GlobalSection(SolutionProperties) = preSolution
		HideSolutionNode = FALSE
	EndGlobalSection
	GlobalSection(ExtensibilityGlobals) = postSolution
		SolutionGuid = {6902B026-AF6B-4B2F-9F5F-ED5913C8A784}
	EndGlobalSection
EndGlobal
