
Microsoft Visual Studio Solution File, Format Version 12.00
# Visual Studio Version 17
VisualStudioVersion = 17.3.32922.545
MinimumVisualStudioVersion = 10.0.40219.1
Project("{FAE04EC0-301F-11D3-BF4B-00C04F79EFBC}") = "問題66", "問題66\問題66.csproj", "{434E3B84-EF97-4FEE-B053-CFACC45BE11B}"
EndProject
Global
	GlobalSection(SolutionConfigurationPlatforms) = preSolution
		Debug|Any CPU = Debug|Any CPU
		Release|Any CPU = Release|Any CPU
	EndGlobalSection
	GlobalSection(ProjectConfigurationPlatforms) = postSolution
		{434E3B84-EF97-4FEE-B053-CFACC45BE11B}.Debug|Any CPU.ActiveCfg = Debug|Any CPU
		{434E3B84-EF97-4FEE-B053-CFACC45BE11B}.Debug|Any CPU.Build.0 = Debug|Any CPU
		{434E3B84-EF97-4FEE-B053-CFACC45BE11B}.Release|Any CPU.ActiveCfg = Release|Any CPU
		{434E3B84-EF97-4FEE-B053-CFACC45BE11B}.Release|Any CPU.Build.0 = Release|Any CPU
	EndGlobalSection
	GlobalSection(SolutionProperties) = preSolution
		HideSolutionNode = FALSE
	EndGlobalSection
	GlobalSection(ExtensibilityGlobals) = postSolution
		SolutionGuid = {7F0BB304-4FE0-453A-AE9B-F56BD0C41A4D}
	EndGlobalSection
EndGlobal
