
Microsoft Visual Studio Solution File, Format Version 12.00
# Visual Studio Version 17
VisualStudioVersion = 17.3.32922.545
MinimumVisualStudioVersion = 10.0.40219.1
Project("{FAE04EC0-301F-11D3-BF4B-00C04F79EFBC}") = "課題3-7", "課題3-7\課題3-7.csproj", "{D5E532FE-D749-49BA-AED2-D00DC5F06F61}"
EndProject
Global
	GlobalSection(SolutionConfigurationPlatforms) = preSolution
		Debug|Any CPU = Debug|Any CPU
		Release|Any CPU = Release|Any CPU
	EndGlobalSection
	GlobalSection(ProjectConfigurationPlatforms) = postSolution
		{D5E532FE-D749-49BA-AED2-D00DC5F06F61}.Debug|Any CPU.ActiveCfg = Debug|Any CPU
		{D5E532FE-D749-49BA-AED2-D00DC5F06F61}.Debug|Any CPU.Build.0 = Debug|Any CPU
		{D5E532FE-D749-49BA-AED2-D00DC5F06F61}.Release|Any CPU.ActiveCfg = Release|Any CPU
		{D5E532FE-D749-49BA-AED2-D00DC5F06F61}.Release|Any CPU.Build.0 = Release|Any CPU
	EndGlobalSection
	GlobalSection(SolutionProperties) = preSolution
		HideSolutionNode = FALSE
	EndGlobalSection
	GlobalSection(ExtensibilityGlobals) = postSolution
		SolutionGuid = {5C4B9EBC-6AAD-499C-971F-DE554E15A3CF}
	EndGlobalSection
EndGlobal
