
Microsoft Visual Studio Solution File, Format Version 12.00
# Visual Studio Version 17
VisualStudioVersion = 17.3.32922.545
MinimumVisualStudioVersion = 10.0.40219.1
Project("{FAE04EC0-301F-11D3-BF4B-00C04F79EFBC}") = "問題11", "問題11\問題11.csproj", "{E5CC0DD1-85A9-4DF9-99C7-7FCC99E5159D}"
EndProject
Global
	GlobalSection(SolutionConfigurationPlatforms) = preSolution
		Debug|Any CPU = Debug|Any CPU
		Release|Any CPU = Release|Any CPU
	EndGlobalSection
	GlobalSection(ProjectConfigurationPlatforms) = postSolution
		{E5CC0DD1-85A9-4DF9-99C7-7FCC99E5159D}.Debug|Any CPU.ActiveCfg = Debug|Any CPU
		{E5CC0DD1-85A9-4DF9-99C7-7FCC99E5159D}.Debug|Any CPU.Build.0 = Debug|Any CPU
		{E5CC0DD1-85A9-4DF9-99C7-7FCC99E5159D}.Release|Any CPU.ActiveCfg = Release|Any CPU
		{E5CC0DD1-85A9-4DF9-99C7-7FCC99E5159D}.Release|Any CPU.Build.0 = Release|Any CPU
	EndGlobalSection
	GlobalSection(SolutionProperties) = preSolution
		HideSolutionNode = FALSE
	EndGlobalSection
	GlobalSection(ExtensibilityGlobals) = postSolution
		SolutionGuid = {656F77FD-CA57-4348-80A5-18C4DED79277}
	EndGlobalSection
EndGlobal
