
Microsoft Visual Studio Solution File, Format Version 12.00
# Visual Studio Version 17
VisualStudioVersion = 17.3.32922.545
MinimumVisualStudioVersion = 10.0.40219.1
Project("{FAE04EC0-301F-11D3-BF4B-00C04F79EFBC}") = "課題8", "課題8\課題8.csproj", "{A6933F63-F321-4206-9ED2-4AD6CE30E07B}"
EndProject
Global
	GlobalSection(SolutionConfigurationPlatforms) = preSolution
		Debug|Any CPU = Debug|Any CPU
		Release|Any CPU = Release|Any CPU
	EndGlobalSection
	GlobalSection(ProjectConfigurationPlatforms) = postSolution
		{A6933F63-F321-4206-9ED2-4AD6CE30E07B}.Debug|Any CPU.ActiveCfg = Debug|Any CPU
		{A6933F63-F321-4206-9ED2-4AD6CE30E07B}.Debug|Any CPU.Build.0 = Debug|Any CPU
		{A6933F63-F321-4206-9ED2-4AD6CE30E07B}.Release|Any CPU.ActiveCfg = Release|Any CPU
		{A6933F63-F321-4206-9ED2-4AD6CE30E07B}.Release|Any CPU.Build.0 = Release|Any CPU
	EndGlobalSection
	GlobalSection(SolutionProperties) = preSolution
		HideSolutionNode = FALSE
	EndGlobalSection
	GlobalSection(ExtensibilityGlobals) = postSolution
		SolutionGuid = {7FAD4346-A55F-40A1-A39A-C7075CA011B3}
	EndGlobalSection
EndGlobal
