
Microsoft Visual Studio Solution File, Format Version 12.00
# Visual Studio Version 17
VisualStudioVersion = 17.3.32922.545
MinimumVisualStudioVersion = 10.0.40219.1
Project("{FAE04EC0-301F-11D3-BF4B-00C04F79EFBC}") = "課題4_2", "課題4_2\課題4_2.csproj", "{1D168BFF-7815-4292-9C3C-4B7397133B5D}"
EndProject
Global
	GlobalSection(SolutionConfigurationPlatforms) = preSolution
		Debug|Any CPU = Debug|Any CPU
		Release|Any CPU = Release|Any CPU
	EndGlobalSection
	GlobalSection(ProjectConfigurationPlatforms) = postSolution
		{1D168BFF-7815-4292-9C3C-4B7397133B5D}.Debug|Any CPU.ActiveCfg = Debug|Any CPU
		{1D168BFF-7815-4292-9C3C-4B7397133B5D}.Debug|Any CPU.Build.0 = Debug|Any CPU
		{1D168BFF-7815-4292-9C3C-4B7397133B5D}.Release|Any CPU.ActiveCfg = Release|Any CPU
		{1D168BFF-7815-4292-9C3C-4B7397133B5D}.Release|Any CPU.Build.0 = Release|Any CPU
	EndGlobalSection
	GlobalSection(SolutionProperties) = preSolution
		HideSolutionNode = FALSE
	EndGlobalSection
	GlobalSection(ExtensibilityGlobals) = postSolution
		SolutionGuid = {BDB5D315-52D4-4285-B067-B742E82E198A}
	EndGlobalSection
EndGlobal
