
Microsoft Visual Studio Solution File, Format Version 12.00
# Visual Studio Version 17
VisualStudioVersion = 17.3.32922.545
MinimumVisualStudioVersion = 10.0.40219.1
Project("{FAE04EC0-301F-11D3-BF4B-00C04F79EFBC}") = "問題26", "問題26\問題26.csproj", "{21F00735-5948-4191-979D-5234DDD47226}"
EndProject
Global
	GlobalSection(SolutionConfigurationPlatforms) = preSolution
		Debug|Any CPU = Debug|Any CPU
		Release|Any CPU = Release|Any CPU
	EndGlobalSection
	GlobalSection(ProjectConfigurationPlatforms) = postSolution
		{21F00735-5948-4191-979D-5234DDD47226}.Debug|Any CPU.ActiveCfg = Debug|Any CPU
		{21F00735-5948-4191-979D-5234DDD47226}.Debug|Any CPU.Build.0 = Debug|Any CPU
		{21F00735-5948-4191-979D-5234DDD47226}.Release|Any CPU.ActiveCfg = Release|Any CPU
		{21F00735-5948-4191-979D-5234DDD47226}.Release|Any CPU.Build.0 = Release|Any CPU
	EndGlobalSection
	GlobalSection(SolutionProperties) = preSolution
		HideSolutionNode = FALSE
	EndGlobalSection
	GlobalSection(ExtensibilityGlobals) = postSolution
		SolutionGuid = {F7130B38-8BBA-4EEB-86AC-EC1A9AC049C2}
	EndGlobalSection
EndGlobal
