
Microsoft Visual Studio Solution File, Format Version 12.00
# Visual Studio Version 17
VisualStudioVersion = 17.3.32922.545
MinimumVisualStudioVersion = 10.0.40219.1
Project("{FAE04EC0-301F-11D3-BF4B-00C04F79EFBC}") = "問題3", "問題3\問題3.csproj", "{DBCFE55C-00C4-43A2-8E1B-B0FD1692F72B}"
EndProject
Global
	GlobalSection(SolutionConfigurationPlatforms) = preSolution
		Debug|Any CPU = Debug|Any CPU
		Release|Any CPU = Release|Any CPU
	EndGlobalSection
	GlobalSection(ProjectConfigurationPlatforms) = postSolution
		{DBCFE55C-00C4-43A2-8E1B-B0FD1692F72B}.Debug|Any CPU.ActiveCfg = Debug|Any CPU
		{DBCFE55C-00C4-43A2-8E1B-B0FD1692F72B}.Debug|Any CPU.Build.0 = Debug|Any CPU
		{DBCFE55C-00C4-43A2-8E1B-B0FD1692F72B}.Release|Any CPU.ActiveCfg = Release|Any CPU
		{DBCFE55C-00C4-43A2-8E1B-B0FD1692F72B}.Release|Any CPU.Build.0 = Release|Any CPU
	EndGlobalSection
	GlobalSection(SolutionProperties) = preSolution
		HideSolutionNode = FALSE
	EndGlobalSection
	GlobalSection(ExtensibilityGlobals) = postSolution
		SolutionGuid = {337ABF2B-0703-4A91-B766-08F42ED06CC3}
	EndGlobalSection
EndGlobal
