
Microsoft Visual Studio Solution File, Format Version 12.00
# Visual Studio Version 17
VisualStudioVersion = 17.3.32922.545
MinimumVisualStudioVersion = 10.0.40219.1
Project("{FAE04EC0-301F-11D3-BF4B-00C04F79EFBC}") = "問2", "問2\問2.csproj", "{38520881-490E-4833-844E-1653D916802D}"
EndProject
Global
	GlobalSection(SolutionConfigurationPlatforms) = preSolution
		Debug|Any CPU = Debug|Any CPU
		Release|Any CPU = Release|Any CPU
	EndGlobalSection
	GlobalSection(ProjectConfigurationPlatforms) = postSolution
		{38520881-490E-4833-844E-1653D916802D}.Debug|Any CPU.ActiveCfg = Debug|Any CPU
		{38520881-490E-4833-844E-1653D916802D}.Debug|Any CPU.Build.0 = Debug|Any CPU
		{38520881-490E-4833-844E-1653D916802D}.Release|Any CPU.ActiveCfg = Release|Any CPU
		{38520881-490E-4833-844E-1653D916802D}.Release|Any CPU.Build.0 = Release|Any CPU
	EndGlobalSection
	GlobalSection(SolutionProperties) = preSolution
		HideSolutionNode = FALSE
	EndGlobalSection
	GlobalSection(ExtensibilityGlobals) = postSolution
		SolutionGuid = {EFFAB079-39AC-4CDB-B7E1-31CFA38094D7}
	EndGlobalSection
EndGlobal
