
Microsoft Visual Studio Solution File, Format Version 12.00
# Visual Studio Version 17
VisualStudioVersion = 17.3.32922.545
MinimumVisualStudioVersion = 10.0.40219.1
Project("{FAE04EC0-301F-11D3-BF4B-00C04F79EFBC}") = "問題43", "問題43\問題43.csproj", "{C9A5D5BC-C8D8-43C2-BF3A-567C9EAB40D7}"
EndProject
Global
	GlobalSection(SolutionConfigurationPlatforms) = preSolution
		Debug|Any CPU = Debug|Any CPU
		Release|Any CPU = Release|Any CPU
	EndGlobalSection
	GlobalSection(ProjectConfigurationPlatforms) = postSolution
		{C9A5D5BC-C8D8-43C2-BF3A-567C9EAB40D7}.Debug|Any CPU.ActiveCfg = Debug|Any CPU
		{C9A5D5BC-C8D8-43C2-BF3A-567C9EAB40D7}.Debug|Any CPU.Build.0 = Debug|Any CPU
		{C9A5D5BC-C8D8-43C2-BF3A-567C9EAB40D7}.Release|Any CPU.ActiveCfg = Release|Any CPU
		{C9A5D5BC-C8D8-43C2-BF3A-567C9EAB40D7}.Release|Any CPU.Build.0 = Release|Any CPU
	EndGlobalSection
	GlobalSection(SolutionProperties) = preSolution
		HideSolutionNode = FALSE
	EndGlobalSection
	GlobalSection(ExtensibilityGlobals) = postSolution
		SolutionGuid = {73AD65DB-0873-41F5-B7FE-1633F4D76EBF}
	EndGlobalSection
EndGlobal
