
Microsoft Visual Studio Solution File, Format Version 12.00
# Visual Studio Version 17
VisualStudioVersion = 17.3.32922.545
MinimumVisualStudioVersion = 10.0.40219.1
Project("{FAE04EC0-301F-11D3-BF4B-00C04F79EFBC}") = "問題8", "問題8\問題8.csproj", "{46310972-DB55-4ACF-8E57-ABCB9796A7E2}"
EndProject
Global
	GlobalSection(SolutionConfigurationPlatforms) = preSolution
		Debug|Any CPU = Debug|Any CPU
		Release|Any CPU = Release|Any CPU
	EndGlobalSection
	GlobalSection(ProjectConfigurationPlatforms) = postSolution
		{46310972-DB55-4ACF-8E57-ABCB9796A7E2}.Debug|Any CPU.ActiveCfg = Debug|Any CPU
		{46310972-DB55-4ACF-8E57-ABCB9796A7E2}.Debug|Any CPU.Build.0 = Debug|Any CPU
		{46310972-DB55-4ACF-8E57-ABCB9796A7E2}.Release|Any CPU.ActiveCfg = Release|Any CPU
		{46310972-DB55-4ACF-8E57-ABCB9796A7E2}.Release|Any CPU.Build.0 = Release|Any CPU
	EndGlobalSection
	GlobalSection(SolutionProperties) = preSolution
		HideSolutionNode = FALSE
	EndGlobalSection
	GlobalSection(ExtensibilityGlobals) = postSolution
		SolutionGuid = {0B599FFA-4360-48E8-8528-259E1F67E1C4}
	EndGlobalSection
EndGlobal
