
Microsoft Visual Studio Solution File, Format Version 12.00
# Visual Studio Version 17
VisualStudioVersion = 17.3.32922.545
MinimumVisualStudioVersion = 10.0.40219.1
Project("{FAE04EC0-301F-11D3-BF4B-00C04F79EFBC}") = "問題13", "問題13\問題13.csproj", "{98C0FDA1-813F-48C2-9AA7-EFBD106DD0CC}"
EndProject
Global
	GlobalSection(SolutionConfigurationPlatforms) = preSolution
		Debug|Any CPU = Debug|Any CPU
		Release|Any CPU = Release|Any CPU
	EndGlobalSection
	GlobalSection(ProjectConfigurationPlatforms) = postSolution
		{98C0FDA1-813F-48C2-9AA7-EFBD106DD0CC}.Debug|Any CPU.ActiveCfg = Debug|Any CPU
		{98C0FDA1-813F-48C2-9AA7-EFBD106DD0CC}.Debug|Any CPU.Build.0 = Debug|Any CPU
		{98C0FDA1-813F-48C2-9AA7-EFBD106DD0CC}.Release|Any CPU.ActiveCfg = Release|Any CPU
		{98C0FDA1-813F-48C2-9AA7-EFBD106DD0CC}.Release|Any CPU.Build.0 = Release|Any CPU
	EndGlobalSection
	GlobalSection(SolutionProperties) = preSolution
		HideSolutionNode = FALSE
	EndGlobalSection
	GlobalSection(ExtensibilityGlobals) = postSolution
		SolutionGuid = {5822A889-07EF-4F2E-A83C-A1573E0F43C1}
	EndGlobalSection
EndGlobal
