
Microsoft Visual Studio Solution File, Format Version 12.00
# Visual Studio Version 17
VisualStudioVersion = 17.3.32922.545
MinimumVisualStudioVersion = 10.0.40219.1
Project("{FAE04EC0-301F-11D3-BF4B-00C04F79EFBC}") = "課題10_1", "課題10_1\課題10_1.csproj", "{88B4455A-ABDB-404E-B3E6-49B3C15278D9}"
EndProject
Global
	GlobalSection(SolutionConfigurationPlatforms) = preSolution
		Debug|Any CPU = Debug|Any CPU
		Release|Any CPU = Release|Any CPU
	EndGlobalSection
	GlobalSection(ProjectConfigurationPlatforms) = postSolution
		{88B4455A-ABDB-404E-B3E6-49B3C15278D9}.Debug|Any CPU.ActiveCfg = Debug|Any CPU
		{88B4455A-ABDB-404E-B3E6-49B3C15278D9}.Debug|Any CPU.Build.0 = Debug|Any CPU
		{88B4455A-ABDB-404E-B3E6-49B3C15278D9}.Release|Any CPU.ActiveCfg = Release|Any CPU
		{88B4455A-ABDB-404E-B3E6-49B3C15278D9}.Release|Any CPU.Build.0 = Release|Any CPU
	EndGlobalSection
	GlobalSection(SolutionProperties) = preSolution
		HideSolutionNode = FALSE
	EndGlobalSection
	GlobalSection(ExtensibilityGlobals) = postSolution
		SolutionGuid = {14EDC82F-0591-41C2-A915-3C1F588D574F}
	EndGlobalSection
EndGlobal
