
Microsoft Visual Studio Solution File, Format Version 12.00
# Visual Studio Version 17
VisualStudioVersion = 17.3.32922.545
MinimumVisualStudioVersion = 10.0.40219.1
Project("{FAE04EC0-301F-11D3-BF4B-00C04F79EFBC}") = "問題3", "問題3\問題3.csproj", "{88C881A1-4882-4BC4-A7FF-E43194B945FF}"
EndProject
Global
	GlobalSection(SolutionConfigurationPlatforms) = preSolution
		Debug|Any CPU = Debug|Any CPU
		Release|Any CPU = Release|Any CPU
	EndGlobalSection
	GlobalSection(ProjectConfigurationPlatforms) = postSolution
		{88C881A1-4882-4BC4-A7FF-E43194B945FF}.Debug|Any CPU.ActiveCfg = Debug|Any CPU
		{88C881A1-4882-4BC4-A7FF-E43194B945FF}.Debug|Any CPU.Build.0 = Debug|Any CPU
		{88C881A1-4882-4BC4-A7FF-E43194B945FF}.Release|Any CPU.ActiveCfg = Release|Any CPU
		{88C881A1-4882-4BC4-A7FF-E43194B945FF}.Release|Any CPU.Build.0 = Release|Any CPU
	EndGlobalSection
	GlobalSection(SolutionProperties) = preSolution
		HideSolutionNode = FALSE
	EndGlobalSection
	GlobalSection(ExtensibilityGlobals) = postSolution
		SolutionGuid = {B22A7496-3F26-4B87-B44D-13A0C040EF74}
	EndGlobalSection
EndGlobal
