
Microsoft Visual Studio Solution File, Format Version 12.00
# Visual Studio Version 17
VisualStudioVersion = 17.3.32922.545
MinimumVisualStudioVersion = 10.0.40219.1
Project("{FAE04EC0-301F-11D3-BF4B-00C04F79EFBC}") = "問題19", "問題19\問題19.csproj", "{25899AB5-1F49-4601-B75D-85841F59461C}"
EndProject
Global
	GlobalSection(SolutionConfigurationPlatforms) = preSolution
		Debug|Any CPU = Debug|Any CPU
		Release|Any CPU = Release|Any CPU
	EndGlobalSection
	GlobalSection(ProjectConfigurationPlatforms) = postSolution
		{25899AB5-1F49-4601-B75D-85841F59461C}.Debug|Any CPU.ActiveCfg = Debug|Any CPU
		{25899AB5-1F49-4601-B75D-85841F59461C}.Debug|Any CPU.Build.0 = Debug|Any CPU
		{25899AB5-1F49-4601-B75D-85841F59461C}.Release|Any CPU.ActiveCfg = Release|Any CPU
		{25899AB5-1F49-4601-B75D-85841F59461C}.Release|Any CPU.Build.0 = Release|Any CPU
	EndGlobalSection
	GlobalSection(SolutionProperties) = preSolution
		HideSolutionNode = FALSE
	EndGlobalSection
	GlobalSection(ExtensibilityGlobals) = postSolution
		SolutionGuid = {0F81D92E-37E8-407B-8C9C-E24566180EAC}
	EndGlobalSection
EndGlobal
