
Microsoft Visual Studio Solution File, Format Version 12.00
# Visual Studio Version 17
VisualStudioVersion = 17.3.32922.545
MinimumVisualStudioVersion = 10.0.40219.1
Project("{FAE04EC0-301F-11D3-BF4B-00C04F79EFBC}") = "問題42", "問題42\問題42.csproj", "{E7D72BD3-A4E8-4525-8B8A-E9C1ECEEB708}"
EndProject
Global
	GlobalSection(SolutionConfigurationPlatforms) = preSolution
		Debug|Any CPU = Debug|Any CPU
		Release|Any CPU = Release|Any CPU
	EndGlobalSection
	GlobalSection(ProjectConfigurationPlatforms) = postSolution
		{E7D72BD3-A4E8-4525-8B8A-E9C1ECEEB708}.Debug|Any CPU.ActiveCfg = Debug|Any CPU
		{E7D72BD3-A4E8-4525-8B8A-E9C1ECEEB708}.Debug|Any CPU.Build.0 = Debug|Any CPU
		{E7D72BD3-A4E8-4525-8B8A-E9C1ECEEB708}.Release|Any CPU.ActiveCfg = Release|Any CPU
		{E7D72BD3-A4E8-4525-8B8A-E9C1ECEEB708}.Release|Any CPU.Build.0 = Release|Any CPU
	EndGlobalSection
	GlobalSection(SolutionProperties) = preSolution
		HideSolutionNode = FALSE
	EndGlobalSection
	GlobalSection(ExtensibilityGlobals) = postSolution
		SolutionGuid = {6278731C-1CD4-48A9-85E6-166CDFCEC8D2}
	EndGlobalSection
EndGlobal
