
Microsoft Visual Studio Solution File, Format Version 12.00
# Visual Studio Version 17
VisualStudioVersion = 17.3.32922.545
MinimumVisualStudioVersion = 10.0.40219.1
Project("{FAE04EC0-301F-11D3-BF4B-00C04F79EFBC}") = "問題25", "問題25\問題25.csproj", "{EAEE4C67-643E-439C-89B4-17FAA7091203}"
EndProject
Global
	GlobalSection(SolutionConfigurationPlatforms) = preSolution
		Debug|Any CPU = Debug|Any CPU
		Release|Any CPU = Release|Any CPU
	EndGlobalSection
	GlobalSection(ProjectConfigurationPlatforms) = postSolution
		{EAEE4C67-643E-439C-89B4-17FAA7091203}.Debug|Any CPU.ActiveCfg = Debug|Any CPU
		{EAEE4C67-643E-439C-89B4-17FAA7091203}.Debug|Any CPU.Build.0 = Debug|Any CPU
		{EAEE4C67-643E-439C-89B4-17FAA7091203}.Release|Any CPU.ActiveCfg = Release|Any CPU
		{EAEE4C67-643E-439C-89B4-17FAA7091203}.Release|Any CPU.Build.0 = Release|Any CPU
	EndGlobalSection
	GlobalSection(SolutionProperties) = preSolution
		HideSolutionNode = FALSE
	EndGlobalSection
	GlobalSection(ExtensibilityGlobals) = postSolution
		SolutionGuid = {29D1E0AF-6F71-4926-857B-1E33E866044C}
	EndGlobalSection
EndGlobal
