
Microsoft Visual Studio Solution File, Format Version 12.00
# Visual Studio Version 17
VisualStudioVersion = 17.3.32922.545
MinimumVisualStudioVersion = 10.0.40219.1
Project("{FAE04EC0-301F-11D3-BF4B-00C04F79EFBC}") = "課題9-2", "課題9-2\課題9-2.csproj", "{B2CDD096-B357-4878-A237-85E01466FF71}"
EndProject
Global
	GlobalSection(SolutionConfigurationPlatforms) = preSolution
		Debug|Any CPU = Debug|Any CPU
		Release|Any CPU = Release|Any CPU
	EndGlobalSection
	GlobalSection(ProjectConfigurationPlatforms) = postSolution
		{B2CDD096-B357-4878-A237-85E01466FF71}.Debug|Any CPU.ActiveCfg = Debug|Any CPU
		{B2CDD096-B357-4878-A237-85E01466FF71}.Debug|Any CPU.Build.0 = Debug|Any CPU
		{B2CDD096-B357-4878-A237-85E01466FF71}.Release|Any CPU.ActiveCfg = Release|Any CPU
		{B2CDD096-B357-4878-A237-85E01466FF71}.Release|Any CPU.Build.0 = Release|Any CPU
	EndGlobalSection
	GlobalSection(SolutionProperties) = preSolution
		HideSolutionNode = FALSE
	EndGlobalSection
	GlobalSection(ExtensibilityGlobals) = postSolution
		SolutionGuid = {4621F7E3-BC2E-4363-81BD-2AD1B89E53F4}
	EndGlobalSection
EndGlobal
