
Microsoft Visual Studio Solution File, Format Version 12.00
# Visual Studio Version 17
VisualStudioVersion = 17.3.32922.545
MinimumVisualStudioVersion = 10.0.40219.1
Project("{FAE04EC0-301F-11D3-BF4B-00C04F79EFBC}") = "課題2-8", "課題2-8\課題2-8.csproj", "{4E16FF48-C77C-460E-BF95-A813B56FAE6A}"
EndProject
Global
	GlobalSection(SolutionConfigurationPlatforms) = preSolution
		Debug|Any CPU = Debug|Any CPU
		Release|Any CPU = Release|Any CPU
	EndGlobalSection
	GlobalSection(ProjectConfigurationPlatforms) = postSolution
		{4E16FF48-C77C-460E-BF95-A813B56FAE6A}.Debug|Any CPU.ActiveCfg = Debug|Any CPU
		{4E16FF48-C77C-460E-BF95-A813B56FAE6A}.Debug|Any CPU.Build.0 = Debug|Any CPU
		{4E16FF48-C77C-460E-BF95-A813B56FAE6A}.Release|Any CPU.ActiveCfg = Release|Any CPU
		{4E16FF48-C77C-460E-BF95-A813B56FAE6A}.Release|Any CPU.Build.0 = Release|Any CPU
	EndGlobalSection
	GlobalSection(SolutionProperties) = preSolution
		HideSolutionNode = FALSE
	EndGlobalSection
	GlobalSection(ExtensibilityGlobals) = postSolution
		SolutionGuid = {C318B767-F28F-47D6-9E60-25DF4BF7D8D1}
	EndGlobalSection
EndGlobal
