
Microsoft Visual Studio Solution File, Format Version 12.00
# Visual Studio Version 17
VisualStudioVersion = 17.3.32922.545
MinimumVisualStudioVersion = 10.0.40219.1
Project("{FAE04EC0-301F-11D3-BF4B-00C04F79EFBC}") = "問題14", "問題14\問題14.csproj", "{5F48D8BD-43FF-4B0E-A5F1-BE418903517B}"
EndProject
Global
	GlobalSection(SolutionConfigurationPlatforms) = preSolution
		Debug|Any CPU = Debug|Any CPU
		Release|Any CPU = Release|Any CPU
	EndGlobalSection
	GlobalSection(ProjectConfigurationPlatforms) = postSolution
		{5F48D8BD-43FF-4B0E-A5F1-BE418903517B}.Debug|Any CPU.ActiveCfg = Debug|Any CPU
		{5F48D8BD-43FF-4B0E-A5F1-BE418903517B}.Debug|Any CPU.Build.0 = Debug|Any CPU
		{5F48D8BD-43FF-4B0E-A5F1-BE418903517B}.Release|Any CPU.ActiveCfg = Release|Any CPU
		{5F48D8BD-43FF-4B0E-A5F1-BE418903517B}.Release|Any CPU.Build.0 = Release|Any CPU
	EndGlobalSection
	GlobalSection(SolutionProperties) = preSolution
		HideSolutionNode = FALSE
	EndGlobalSection
	GlobalSection(ExtensibilityGlobals) = postSolution
		SolutionGuid = {847920D9-CC4E-4CA8-999A-570AA564DDC2}
	EndGlobalSection
EndGlobal
