
Microsoft Visual Studio Solution File, Format Version 12.00
# Visual Studio Version 17
VisualStudioVersion = 17.3.32922.545
MinimumVisualStudioVersion = 10.0.40219.1
Project("{FAE04EC0-301F-11D3-BF4B-00C04F79EFBC}") = "問題16", "問題16\問題16.csproj", "{1EBFB26D-351E-47CB-8D38-302190D1E5AD}"
EndProject
Global
	GlobalSection(SolutionConfigurationPlatforms) = preSolution
		Debug|Any CPU = Debug|Any CPU
		Release|Any CPU = Release|Any CPU
	EndGlobalSection
	GlobalSection(ProjectConfigurationPlatforms) = postSolution
		{1EBFB26D-351E-47CB-8D38-302190D1E5AD}.Debug|Any CPU.ActiveCfg = Debug|Any CPU
		{1EBFB26D-351E-47CB-8D38-302190D1E5AD}.Debug|Any CPU.Build.0 = Debug|Any CPU
		{1EBFB26D-351E-47CB-8D38-302190D1E5AD}.Release|Any CPU.ActiveCfg = Release|Any CPU
		{1EBFB26D-351E-47CB-8D38-302190D1E5AD}.Release|Any CPU.Build.0 = Release|Any CPU
	EndGlobalSection
	GlobalSection(SolutionProperties) = preSolution
		HideSolutionNode = FALSE
	EndGlobalSection
	GlobalSection(ExtensibilityGlobals) = postSolution
		SolutionGuid = {C3C864A0-C242-4416-A6B0-380546749346}
	EndGlobalSection
EndGlobal
