
Microsoft Visual Studio Solution File, Format Version 12.00
# Visual Studio Version 17
VisualStudioVersion = 17.3.32922.545
MinimumVisualStudioVersion = 10.0.40219.1
Project("{FAE04EC0-301F-11D3-BF4B-00C04F79EFBC}") = "課題1_2", "課題1_2\課題1_2.csproj", "{58E8F1B4-1567-4AB6-92AA-5636622F240C}"
EndProject
Global
	GlobalSection(SolutionConfigurationPlatforms) = preSolution
		Debug|Any CPU = Debug|Any CPU
		Release|Any CPU = Release|Any CPU
	EndGlobalSection
	GlobalSection(ProjectConfigurationPlatforms) = postSolution
		{58E8F1B4-1567-4AB6-92AA-5636622F240C}.Debug|Any CPU.ActiveCfg = Debug|Any CPU
		{58E8F1B4-1567-4AB6-92AA-5636622F240C}.Debug|Any CPU.Build.0 = Debug|Any CPU
		{58E8F1B4-1567-4AB6-92AA-5636622F240C}.Release|Any CPU.ActiveCfg = Release|Any CPU
		{58E8F1B4-1567-4AB6-92AA-5636622F240C}.Release|Any CPU.Build.0 = Release|Any CPU
	EndGlobalSection
	GlobalSection(SolutionProperties) = preSolution
		HideSolutionNode = FALSE
	EndGlobalSection
	GlobalSection(ExtensibilityGlobals) = postSolution
		SolutionGuid = {874A1A68-9EDC-4C84-B5BD-DD653D415392}
	EndGlobalSection
EndGlobal
