
Microsoft Visual Studio Solution File, Format Version 12.00
# Visual Studio Version 17
VisualStudioVersion = 17.3.32922.545
MinimumVisualStudioVersion = 10.0.40219.1
Project("{FAE04EC0-301F-11D3-BF4B-00C04F79EFBC}") = "問題6", "問題6\問題6.csproj", "{FAAC9177-821D-4CC3-AE69-6D19D5497B4F}"
EndProject
Global
	GlobalSection(SolutionConfigurationPlatforms) = preSolution
		Debug|Any CPU = Debug|Any CPU
		Release|Any CPU = Release|Any CPU
	EndGlobalSection
	GlobalSection(ProjectConfigurationPlatforms) = postSolution
		{FAAC9177-821D-4CC3-AE69-6D19D5497B4F}.Debug|Any CPU.ActiveCfg = Debug|Any CPU
		{FAAC9177-821D-4CC3-AE69-6D19D5497B4F}.Debug|Any CPU.Build.0 = Debug|Any CPU
		{FAAC9177-821D-4CC3-AE69-6D19D5497B4F}.Release|Any CPU.ActiveCfg = Release|Any CPU
		{FAAC9177-821D-4CC3-AE69-6D19D5497B4F}.Release|Any CPU.Build.0 = Release|Any CPU
	EndGlobalSection
	GlobalSection(SolutionProperties) = preSolution
		HideSolutionNode = FALSE
	EndGlobalSection
	GlobalSection(ExtensibilityGlobals) = postSolution
		SolutionGuid = {7CF226FD-31EB-4EE2-8086-9F2F3B419CE0}
	EndGlobalSection
EndGlobal
