
Microsoft Visual Studio Solution File, Format Version 12.00
# Visual Studio Version 17
VisualStudioVersion = 17.3.32922.545
MinimumVisualStudioVersion = 10.0.40219.1
Project("{FAE04EC0-301F-11D3-BF4B-00C04F79EFBC}") = "課題1-4", "課題1-4\課題1-4.csproj", "{B95A550D-E0F4-4C50-A19C-C2B9C4A94C1D}"
EndProject
Global
	GlobalSection(SolutionConfigurationPlatforms) = preSolution
		Debug|Any CPU = Debug|Any CPU
		Release|Any CPU = Release|Any CPU
	EndGlobalSection
	GlobalSection(ProjectConfigurationPlatforms) = postSolution
		{B95A550D-E0F4-4C50-A19C-C2B9C4A94C1D}.Debug|Any CPU.ActiveCfg = Debug|Any CPU
		{B95A550D-E0F4-4C50-A19C-C2B9C4A94C1D}.Debug|Any CPU.Build.0 = Debug|Any CPU
		{B95A550D-E0F4-4C50-A19C-C2B9C4A94C1D}.Release|Any CPU.ActiveCfg = Release|Any CPU
		{B95A550D-E0F4-4C50-A19C-C2B9C4A94C1D}.Release|Any CPU.Build.0 = Release|Any CPU
	EndGlobalSection
	GlobalSection(SolutionProperties) = preSolution
		HideSolutionNode = FALSE
	EndGlobalSection
	GlobalSection(ExtensibilityGlobals) = postSolution
		SolutionGuid = {4634F108-9079-4D56-8606-9F527892CC26}
	EndGlobalSection
EndGlobal
