
Microsoft Visual Studio Solution File, Format Version 12.00
# Visual Studio Version 17
VisualStudioVersion = 17.3.32922.545
MinimumVisualStudioVersion = 10.0.40219.1
Project("{FAE04EC0-301F-11D3-BF4B-00C04F79EFBC}") = "問題7", "問題7\問題7.csproj", "{7683AD53-EBC4-4E26-B1E2-F7FC558935E5}"
EndProject
Global
	GlobalSection(SolutionConfigurationPlatforms) = preSolution
		Debug|Any CPU = Debug|Any CPU
		Release|Any CPU = Release|Any CPU
	EndGlobalSection
	GlobalSection(ProjectConfigurationPlatforms) = postSolution
		{7683AD53-EBC4-4E26-B1E2-F7FC558935E5}.Debug|Any CPU.ActiveCfg = Debug|Any CPU
		{7683AD53-EBC4-4E26-B1E2-F7FC558935E5}.Debug|Any CPU.Build.0 = Debug|Any CPU
		{7683AD53-EBC4-4E26-B1E2-F7FC558935E5}.Release|Any CPU.ActiveCfg = Release|Any CPU
		{7683AD53-EBC4-4E26-B1E2-F7FC558935E5}.Release|Any CPU.Build.0 = Release|Any CPU
	EndGlobalSection
	GlobalSection(SolutionProperties) = preSolution
		HideSolutionNode = FALSE
	EndGlobalSection
	GlobalSection(ExtensibilityGlobals) = postSolution
		SolutionGuid = {92A9491A-071A-42C0-B4DC-EBFFDE62D46C}
	EndGlobalSection
EndGlobal
