
Microsoft Visual Studio Solution File, Format Version 12.00
# Visual Studio Version 17
VisualStudioVersion = 17.3.32922.545
MinimumVisualStudioVersion = 10.0.40219.1
Project("{9A19103F-16F7-4668-BE54-9A1E7A4F7556}") = "課題1-3", "課題5-1\課題1-3.csproj", "{2ABFB353-B84F-4AEE-BDFC-5F40B74DE770}"
EndProject
Global
	GlobalSection(SolutionConfigurationPlatforms) = preSolution
		Debug|Any CPU = Debug|Any CPU
		Release|Any CPU = Release|Any CPU
	EndGlobalSection
	GlobalSection(ProjectConfigurationPlatforms) = postSolution
		{2ABFB353-B84F-4AEE-BDFC-5F40B74DE770}.Debug|Any CPU.ActiveCfg = Debug|Any CPU
		{2ABFB353-B84F-4AEE-BDFC-5F40B74DE770}.Debug|Any CPU.Build.0 = Debug|Any CPU
		{2ABFB353-B84F-4AEE-BDFC-5F40B74DE770}.Release|Any CPU.ActiveCfg = Release|Any CPU
		{2ABFB353-B84F-4AEE-BDFC-5F40B74DE770}.Release|Any CPU.Build.0 = Release|Any CPU
	EndGlobalSection
	GlobalSection(SolutionProperties) = preSolution
		HideSolutionNode = FALSE
	EndGlobalSection
	GlobalSection(ExtensibilityGlobals) = postSolution
		SolutionGuid = {D60374D5-6A6D-4247-A804-6C2C2316BC8D}
	EndGlobalSection
EndGlobal
