
Microsoft Visual Studio Solution File, Format Version 12.00
# Visual Studio Version 17
VisualStudioVersion = 17.3.32922.545
MinimumVisualStudioVersion = 10.0.40219.1
Project("{FAE04EC0-301F-11D3-BF4B-00C04F79EFBC}") = "課題2-6e", "課題2-6e\課題2-6e.csproj", "{EF588531-F7E9-494F-A414-FE0C0D4A1E64}"
EndProject
Global
	GlobalSection(SolutionConfigurationPlatforms) = preSolution
		Debug|Any CPU = Debug|Any CPU
		Release|Any CPU = Release|Any CPU
	EndGlobalSection
	GlobalSection(ProjectConfigurationPlatforms) = postSolution
		{EF588531-F7E9-494F-A414-FE0C0D4A1E64}.Debug|Any CPU.ActiveCfg = Debug|Any CPU
		{EF588531-F7E9-494F-A414-FE0C0D4A1E64}.Debug|Any CPU.Build.0 = Debug|Any CPU
		{EF588531-F7E9-494F-A414-FE0C0D4A1E64}.Release|Any CPU.ActiveCfg = Release|Any CPU
		{EF588531-F7E9-494F-A414-FE0C0D4A1E64}.Release|Any CPU.Build.0 = Release|Any CPU
	EndGlobalSection
	GlobalSection(SolutionProperties) = preSolution
		HideSolutionNode = FALSE
	EndGlobalSection
	GlobalSection(ExtensibilityGlobals) = postSolution
		SolutionGuid = {EE97C71E-F21B-4729-B1C4-A68667AAB043}
	EndGlobalSection
EndGlobal
