
Microsoft Visual Studio Solution File, Format Version 12.00
# Visual Studio Version 17
VisualStudioVersion = 17.3.32922.545
MinimumVisualStudioVersion = 10.0.40219.1
Project("{FAE04EC0-301F-11D3-BF4B-00C04F79EFBC}") = "課題1-3", "課題1-3\課題1-3.csproj", "{EB5A73CE-2434-439D-B1D5-2445FFFCD6DF}"
EndProject
Global
	GlobalSection(SolutionConfigurationPlatforms) = preSolution
		Debug|Any CPU = Debug|Any CPU
		Release|Any CPU = Release|Any CPU
	EndGlobalSection
	GlobalSection(ProjectConfigurationPlatforms) = postSolution
		{EB5A73CE-2434-439D-B1D5-2445FFFCD6DF}.Debug|Any CPU.ActiveCfg = Debug|Any CPU
		{EB5A73CE-2434-439D-B1D5-2445FFFCD6DF}.Debug|Any CPU.Build.0 = Debug|Any CPU
		{EB5A73CE-2434-439D-B1D5-2445FFFCD6DF}.Release|Any CPU.ActiveCfg = Release|Any CPU
		{EB5A73CE-2434-439D-B1D5-2445FFFCD6DF}.Release|Any CPU.Build.0 = Release|Any CPU
	EndGlobalSection
	GlobalSection(SolutionProperties) = preSolution
		HideSolutionNode = FALSE
	EndGlobalSection
	GlobalSection(ExtensibilityGlobals) = postSolution
		SolutionGuid = {D60374D5-6A6D-4247-A804-6C2C2316BC8D}
	EndGlobalSection
EndGlobal
